{
  "name": "miniprogram-1",
  "lockfileVersion": 3,
  "requires": true,
  "packages": {
    "": {
      "dependencies": {
        "@vant/weapp": "^1.11.6",
        "miniprogram-api-promise": "^1.0.4",
        "mobx-miniprogram": "^6.12.3",
        "mobx-miniprogram-bindings": "^4.0.1"
      }
    },
    "node_modules/@vant/weapp": {
      "version": "1.11.6",
      "resolved": "https://registry.npmjs.org/@vant/weapp/-/weapp-1.11.6.tgz",
      "integrity": "sha512-a3heReWYT2gNdsyj6x1hBwsM8V8NrjcPAmle86NH2CD2V/i/h0le75piW6KntSfOPCwekVWMBKhysNrBpJeKdw==",
      "license": "MIT"
    },
    "node_modules/miniprogram-api-promise": {
      "version": "1.0.4",
      "resolved": "https://registry.npmjs.org/miniprogram-api-promise/-/miniprogram-api-promise-1.0.4.tgz",
      "integrity": "sha512-lS2ukj03Ugy8IJUDmdssklLT4kjzyRtVYwErhyDZkzxtqcxaed2xldRgNrsikigeMUBR9gAs7wgnjSKPlyKIYg==",
      "license": "ISC"
    },
    "node_modules/mobx-miniprogram": {
      "version": "6.12.3",
      "resolved": "https://registry.npmjs.org/mobx-miniprogram/-/mobx-miniprogram-6.12.3.tgz",
      "integrity": "sha512-GEq1EG7jZPnrHYV43oppa6jY9lgbNRuGPiXyOFRoluHjd5LIGBf3a+zXMjzO1AVwrFOWvVRazxtzfiRXMUUqZw==",
      "license": "MIT",
      "funding": {
        "type": "opencollective",
        "url": "https://opencollective.com/mobx"
      }
    },
    "node_modules/mobx-miniprogram-bindings": {
      "version": "4.0.1",
      "resolved": "https://registry.npmjs.org/mobx-miniprogram-bindings/-/mobx-miniprogram-bindings-4.0.1.tgz",
      "integrity": "sha512-K2abvA+tGdEj70SD0hPEGCwTUgMLCZhdgHxO17B18TN5GhGNlUnj09BwXauqdWONwq4OuODYCrZwjAIadPQXFw==",
      "license": "MIT",
      "peerDependencies": {
        "mobx-miniprogram": "^6.0.0"
      }
    }
  }
}
